
Microsoft Visual Studio Solution File, Format Version 12.00
# Visual Studio Version 17
VisualStudioVersion = 17.11.35327.3
MinimumVisualStudioVersion = 10.0.40219.1
Project("{FAE04EC0-301F-11D3-BF4B-00C04F79EFBC}") = "12.Ejercicio", "12.Ejercicio.csproj", "{D9DBF73D-FC5A-49FC-A921-C0B0CD8E6F92}"
EndProject
Global
	GlobalSection(SolutionConfigurationPlatforms) = preSolution
		Debug|Any CPU = Debug|Any CPU
		Release|Any CPU = Release|Any CPU
	EndGlobalSection
	GlobalSection(ProjectConfigurationPlatforms) = postSolution
		{D9DBF73D-FC5A-49FC-A921-C0B0CD8E6F92}.Debug|Any CPU.ActiveCfg = Debug|Any CPU
		{D9DBF73D-FC5A-49FC-A921-C0B0CD8E6F92}.Debug|Any CPU.Build.0 = Debug|Any CPU
		{D9DBF73D-FC5A-49FC-A921-C0B0CD8E6F92}.Release|Any CPU.ActiveCfg = Release|Any CPU
		{D9DBF73D-FC5A-49FC-A921-C0B0CD8E6F92}.Release|Any CPU.Build.0 = Release|Any CPU
	EndGlobalSection
	GlobalSection(SolutionProperties) = preSolution
		HideSolutionNode = FALSE
	EndGlobalSection
	GlobalSection(ExtensibilityGlobals) = postSolution
		SolutionGuid = {68AC6331-B91F-4EAA-8FD3-94963B034536}
	EndGlobalSection
EndGlobal
