
Microsoft Visual Studio Solution File, Format Version 12.00
# Visual Studio Version 17
VisualStudioVersion = 17.11.35327.3
MinimumVisualStudioVersion = 10.0.40219.1
Project("{FAE04EC0-301F-11D3-BF4B-00C04F79EFBC}") = "2.Operadores", "2.Operadores.csproj", "{EB8F50E8-614F-415E-84B7-7B8270671BFF}"
EndProject
Global
	GlobalSection(SolutionConfigurationPlatforms) = preSolution
		Debug|Any CPU = Debug|Any CPU
		Release|Any CPU = Release|Any CPU
	EndGlobalSection
	GlobalSection(ProjectConfigurationPlatforms) = postSolution
		{EB8F50E8-614F-415E-84B7-7B8270671BFF}.Debug|Any CPU.ActiveCfg = Debug|Any CPU
		{EB8F50E8-614F-415E-84B7-7B8270671BFF}.Debug|Any CPU.Build.0 = Debug|Any CPU
		{EB8F50E8-614F-415E-84B7-7B8270671BFF}.Release|Any CPU.ActiveCfg = Release|Any CPU
		{EB8F50E8-614F-415E-84B7-7B8270671BFF}.Release|Any CPU.Build.0 = Release|Any CPU
	EndGlobalSection
	GlobalSection(SolutionProperties) = preSolution
		HideSolutionNode = FALSE
	EndGlobalSection
	GlobalSection(ExtensibilityGlobals) = postSolution
		SolutionGuid = {C96451EB-603E-44EC-935D-1B317DB6DC2E}
	EndGlobalSection
EndGlobal
