
Microsoft Visual Studio Solution File, Format Version 12.00
# Visual Studio Version 17
VisualStudioVersion = 17.11.35327.3
MinimumVisualStudioVersion = 10.0.40219.1
Project("{FAE04EC0-301F-11D3-BF4B-00C04F79EFBC}") = "6.CondicionalMultipleTerciario", "6.CondicionalMultipleTerciario.csproj", "{7CAA9204-4F6C-4E51-B569-55DB635E7B34}"
EndProject
Global
	GlobalSection(SolutionConfigurationPlatforms) = preSolution
		Debug|Any CPU = Debug|Any CPU
		Release|Any CPU = Release|Any CPU
	EndGlobalSection
	GlobalSection(ProjectConfigurationPlatforms) = postSolution
		{7CAA9204-4F6C-4E51-B569-55DB635E7B34}.Debug|Any CPU.ActiveCfg = Debug|Any CPU
		{7CAA9204-4F6C-4E51-B569-55DB635E7B34}.Debug|Any CPU.Build.0 = Debug|Any CPU
		{7CAA9204-4F6C-4E51-B569-55DB635E7B34}.Release|Any CPU.ActiveCfg = Release|Any CPU
		{7CAA9204-4F6C-4E51-B569-55DB635E7B34}.Release|Any CPU.Build.0 = Release|Any CPU
	EndGlobalSection
	GlobalSection(SolutionProperties) = preSolution
		HideSolutionNode = FALSE
	EndGlobalSection
	GlobalSection(ExtensibilityGlobals) = postSolution
		SolutionGuid = {B3D79730-ECC5-4E1E-A093-B9949FD86E48}
	EndGlobalSection
EndGlobal
