
Microsoft Visual Studio Solution File, Format Version 12.00
# Visual Studio Version 17
VisualStudioVersion = 17.11.35327.3
MinimumVisualStudioVersion = 10.0.40219.1
Project("{FAE04EC0-301F-11D3-BF4B-00C04F79EFBC}") = "4.CondicionalDoble", "4.CondicionalDoble.csproj", "{CFD1A545-24D0-4187-8C76-5E9E3529117B}"
EndProject
Global
	GlobalSection(SolutionConfigurationPlatforms) = preSolution
		Debug|Any CPU = Debug|Any CPU
		Release|Any CPU = Release|Any CPU
	EndGlobalSection
	GlobalSection(ProjectConfigurationPlatforms) = postSolution
		{CFD1A545-24D0-4187-8C76-5E9E3529117B}.Debug|Any CPU.ActiveCfg = Debug|Any CPU
		{CFD1A545-24D0-4187-8C76-5E9E3529117B}.Debug|Any CPU.Build.0 = Debug|Any CPU
		{CFD1A545-24D0-4187-8C76-5E9E3529117B}.Release|Any CPU.ActiveCfg = Release|Any CPU
		{CFD1A545-24D0-4187-8C76-5E9E3529117B}.Release|Any CPU.Build.0 = Release|Any CPU
	EndGlobalSection
	GlobalSection(SolutionProperties) = preSolution
		HideSolutionNode = FALSE
	EndGlobalSection
	GlobalSection(ExtensibilityGlobals) = postSolution
		SolutionGuid = {E7EDAA14-4783-40F5-AD5D-6DA9A762EDF7}
	EndGlobalSection
EndGlobal
