
Microsoft Visual Studio Solution File, Format Version 12.00
# Visual Studio Version 17
VisualStudioVersion = 17.11.35327.3
MinimumVisualStudioVersion = 10.0.40219.1
Project("{FAE04EC0-301F-11D3-BF4B-00C04F79EFBC}") = "3.Condicionales", "3.Condicionales.csproj", "{59818E77-43EA-45C0-A0FF-7900CAC79F9D}"
EndProject
Global
	GlobalSection(SolutionConfigurationPlatforms) = preSolution
		Debug|Any CPU = Debug|Any CPU
		Release|Any CPU = Release|Any CPU
	EndGlobalSection
	GlobalSection(ProjectConfigurationPlatforms) = postSolution
		{59818E77-43EA-45C0-A0FF-7900CAC79F9D}.Debug|Any CPU.ActiveCfg = Debug|Any CPU
		{59818E77-43EA-45C0-A0FF-7900CAC79F9D}.Debug|Any CPU.Build.0 = Debug|Any CPU
		{59818E77-43EA-45C0-A0FF-7900CAC79F9D}.Release|Any CPU.ActiveCfg = Release|Any CPU
		{59818E77-43EA-45C0-A0FF-7900CAC79F9D}.Release|Any CPU.Build.0 = Release|Any CPU
	EndGlobalSection
	GlobalSection(SolutionProperties) = preSolution
		HideSolutionNode = FALSE
	EndGlobalSection
	GlobalSection(ExtensibilityGlobals) = postSolution
		SolutionGuid = {A080F074-2DB5-4978-81FD-12B231927161}
	EndGlobalSection
EndGlobal
