
Microsoft Visual Studio Solution File, Format Version 12.00
# Visual Studio Version 17
VisualStudioVersion = 17.11.35327.3
MinimumVisualStudioVersion = 10.0.40219.1
Project("{FAE04EC0-301F-11D3-BF4B-00C04F79EFBC}") = "15.Ejercicio", "15.Ejercicio.csproj", "{2F53FB20-57A7-4E29-9312-15E56CD22459}"
EndProject
Global
	GlobalSection(SolutionConfigurationPlatforms) = preSolution
		Debug|Any CPU = Debug|Any CPU
		Release|Any CPU = Release|Any CPU
	EndGlobalSection
	GlobalSection(ProjectConfigurationPlatforms) = postSolution
		{2F53FB20-57A7-4E29-9312-15E56CD22459}.Debug|Any CPU.ActiveCfg = Debug|Any CPU
		{2F53FB20-57A7-4E29-9312-15E56CD22459}.Debug|Any CPU.Build.0 = Debug|Any CPU
		{2F53FB20-57A7-4E29-9312-15E56CD22459}.Release|Any CPU.ActiveCfg = Release|Any CPU
		{2F53FB20-57A7-4E29-9312-15E56CD22459}.Release|Any CPU.Build.0 = Release|Any CPU
	EndGlobalSection
	GlobalSection(SolutionProperties) = preSolution
		HideSolutionNode = FALSE
	EndGlobalSection
	GlobalSection(ExtensibilityGlobals) = postSolution
		SolutionGuid = {6794ED44-048D-46F0-BA83-CC9B36C968A4}
	EndGlobalSection
EndGlobal
