
Microsoft Visual Studio Solution File, Format Version 12.00
# Visual Studio Version 17
VisualStudioVersion = 17.11.35327.3
MinimumVisualStudioVersion = 10.0.40219.1
Project("{FAE04EC0-301F-11D3-BF4B-00C04F79EFBC}") = "ParcialMatrices", "ParcialMatrices.csproj", "{9950465B-B817-4AF3-B23E-37CF63EE36FB}"
EndProject
Global
	GlobalSection(SolutionConfigurationPlatforms) = preSolution
		Debug|Any CPU = Debug|Any CPU
		Release|Any CPU = Release|Any CPU
	EndGlobalSection
	GlobalSection(ProjectConfigurationPlatforms) = postSolution
		{9950465B-B817-4AF3-B23E-37CF63EE36FB}.Debug|Any CPU.ActiveCfg = Debug|Any CPU
		{9950465B-B817-4AF3-B23E-37CF63EE36FB}.Debug|Any CPU.Build.0 = Debug|Any CPU
		{9950465B-B817-4AF3-B23E-37CF63EE36FB}.Release|Any CPU.ActiveCfg = Release|Any CPU
		{9950465B-B817-4AF3-B23E-37CF63EE36FB}.Release|Any CPU.Build.0 = Release|Any CPU
	EndGlobalSection
	GlobalSection(SolutionProperties) = preSolution
		HideSolutionNode = FALSE
	EndGlobalSection
	GlobalSection(ExtensibilityGlobals) = postSolution
		SolutionGuid = {E252F752-1F1E-44B1-9C86-9403EB88439F}
	EndGlobalSection
EndGlobal
