
Microsoft Visual Studio Solution File, Format Version 12.00
# Visual Studio Version 17
VisualStudioVersion = 17.11.35327.3
MinimumVisualStudioVersion = 10.0.40219.1
Project("{FAE04EC0-301F-11D3-BF4B-00C04F79EFBC}") = "24.Ejercicio", "24.Ejercicio\24.Ejercicio.csproj", "{17EB8949-0B31-4B39-83F9-8A6DFF460490}"
EndProject
Global
	GlobalSection(SolutionConfigurationPlatforms) = preSolution
		Debug|Any CPU = Debug|Any CPU
		Release|Any CPU = Release|Any CPU
	EndGlobalSection
	GlobalSection(ProjectConfigurationPlatforms) = postSolution
		{17EB8949-0B31-4B39-83F9-8A6DFF460490}.Debug|Any CPU.ActiveCfg = Debug|Any CPU
		{17EB8949-0B31-4B39-83F9-8A6DFF460490}.Debug|Any CPU.Build.0 = Debug|Any CPU
		{17EB8949-0B31-4B39-83F9-8A6DFF460490}.Release|Any CPU.ActiveCfg = Release|Any CPU
		{17EB8949-0B31-4B39-83F9-8A6DFF460490}.Release|Any CPU.Build.0 = Release|Any CPU
	EndGlobalSection
	GlobalSection(SolutionProperties) = preSolution
		HideSolutionNode = FALSE
	EndGlobalSection
	GlobalSection(ExtensibilityGlobals) = postSolution
		SolutionGuid = {364A73D3-F237-42D4-A685-2E60E56C202F}
	EndGlobalSection
EndGlobal
